github.com/davecgh/go-spew v1.1.0 h1:ZDRjVQ15GmhC3fiQ8ni8+OwkZQO4DARzQgrnXU1Liz8=
github.com/davecgh/go-spew v1.1.0/go.mod h1:J7Y8YcW2NihsgmVo/mv3lAwl/skON4iLHjSsI+c5H38=
github.com/imdario/mergo v0.3.10 h1:6q5mVkdH/vYmqngx7kZQTjJ5HRsx+ImorDIEQ+beJgc=
github.com/imdario/mergo v0.3.10/go.mod h1:jmQim1M+e3UYxmgPu/WyfjB3N3VflVyUjjjwH0dnCYA=
github.com/pmezard/go-difflib v1.0.0 h1:4DBwDE0NGyQoBHbLQYPwSUPoCMWR5BEzIk/f1lZbAQM=
github.com/pmezard/go-difflib v1.0.0/go.mod h1:iKH77koFhYxTK1pcRnkKkqfTogsbg7gZNVY4sRDYZ/4=
github.com/razor-1/cldr v0.1.10 h1:oPRHc80x/MGZp6YApOv4qvGMLVZva2BtkMypgNuWJLQ=
github.com/razor-1/cldr v0.1.10/go.mod h1:9ok2lxmDGp3spDcwysih1tD6G4AEn3N79vW6OBcHsGg=
github.com/razor-1/cldr v0.1.12 h1:Qu2keOssHQgt7IViZ4jki+gbLg943JAIZS/FLKXGczo=
github.com/razor-1/cldr v0.1.12/go.mod h1:e/q4FbxSeOyPZ3RPVLG/Nax1nRgF9YQbggm3yuaU0Qc=
github.com/razor-1/cldr/resources v0.1.11 h1:sSt4/cpbqClsNhT83bYMlOhsQOW+7oOqTEJRlQMjjEU=
github.com/razor-1/cldr/resources v0.1.11/go.mod h1:Hq9tz3hZWqDDCd9x0xNaeaeB6dln9V02XZvh4Qrb9fo=
github.com/razor-1/cldr/resources v0.1.12 h1:x/QN1NebgQiKBJBohhkVhmg0Bw2x1v8Tbn1WgrTHiEs=
github.com/razor-1/cldr/resources v0.1.12/go.mod h1:wA2sqpEDPDwmS/0VzSKDGFnq8/T6+oPSfFTyvNRdmsk=
github.com/razor-1/cldr/resources/currency v0.1.1 h1:0JaESp1ztMUUwNKgsVKEmo46wdzfm6sfVbwJmIDkX1Y=
github.com/razor-1/cldr/resources/currency v0.1.1/go.mod h1:2w6OlImUjqkHrExnG6V5/UltqFdE6oQ0ZmEBZvgbfjw=
github.com/razor-1/cldr/resources/currency v0.1.2 h1:gYeHv6R8SA+ee2RcxJ5+5gqJlV0BsmRjuKCRjYui5+4=
github.com/razor-1/cldr/resources/currency v0.1.2/go.mod h1:GF2TggMqnMOWKmXMdG7Aoklpxmvb80DibWQBKdvXfM4=
github.com/razor-1/cldr/resources/language v0.0.1 h1:naKkE2rnBsrqEIgoRKm75e/dZnxCCxaChJj5CbGd2E0=
github.com/razor-1/cldr/resources/language v0.0.1/go.mod h1:/VGd7JXVpnEwQzs10FQsb9inQu7TE0egfhctysQlYVM=
github.com/razor-1/cldr/resources/language v0.1.2 h1:ECYHXoKfxpMrKWktwJ9nWseOdhfJww8Vm1k/sKIEme0=
github.com/razor-1/cldr/resources/language v0.1.2/go.mod h1:gAk8kZ477fDvby7Bxu7CJcy1b/zUB+33J0B+GbOjjds=
github.com/razor-1/cldr/resources/territory v0.0.1 h1:GGrLgN/6unLJdViaZcIQ54HmSmzFUaZ+KP4nN1MUFNY=
github.com/razor-1/cldr/resources/territory v0.0.1/go.mod h1:zQ0MSUO1M8KkbvZOPV3LBHOUHmEtjjOWEoAFJ+mwcOk=
github.com/razor-1/cldr/resources/territory v0.1.2 h1:qjh0QFYgqq316Z30bLxBC1B7D+oVPmjIOgkAMW+knCI=
github.com/razor-1/cldr/resources/territory v0.1.2/go.mod h1:rRPN2y9rhnWqsSv29wUQAoruvaz6Ou6iuf/wlnKA3jA=
github.com/razor-1/localizer/store v0.0.1 h1:wp9wL/p/B8ibY9YX7PaXn0hyMqehpn/XvmyrVJdPSas=
github.com/razor-1/localizer/store v0.0.1/go.mod h1:kz3mEM0WXaB66qVUsCrGrPtiLxTxjloZqNxVrQAJxJo=
github.com/stretchr/objx v0.1.0/go.mod h1:HFkY916IF+rwdDfMAkV7OtwuqBVzrE8GR6GFx+wExME=
github.com/stretchr/testify v1.6.1 h1:hDPOHmpOpP40lSULcqw7IrRb/u7w6RpDC9399XyoNd0=
github.com/stretchr/testify v1.6.1/go.mod h1:6Fq8oRcR53rry900zMqJjRRixrwX3KX962/h/Wwjteg=
golang.org/x/text v0.3.3 h1:cokOdA+Jmi5PJGXLlLllQSgYigAEfHXJAERHVMaCc2k=
golang.org/x/text v0.3.3/go.mod h1:5Zoc/QRtKVWzQhOtBMvqHzDpF6irO9z98xDceosuGiQ=
golang.org/x/text v0.3.4 h1:0YWbFKbhXG/wIiuHDSKpS0Iy7FSA+u45VtBMfQcFTTc=
golang.org/x/text v0.3.4/go.mod h1:5Zoc/QRtKVWzQhOtBMvqHzDpF6irO9z98xDceosuGiQ=
golang.org/x/tools v0.0.0-20180917221912-90fa682c2a6e/go.mod h1:n7NCudcB/nEzxVGmLbDWY5pfWTLqBcC2KZ6jyYvM4mQ=
gopkg.in/check.v1 v0.0.0-20161208181325-20d25e280405 h1:yhCVgyC4o1eVCa2tZl7eS0r+SDo693bJlVdllGtEeKM=
gopkg.in/check.v1 v0.0.0-20161208181325-20d25e280405/go.mod h1:Co6ibVJAznAaIkqp8huTwlJQCZ016jof/cbN4VW5Yz0=
gopkg.in/yaml.v2 v2.3.0 h1:clyUAQHOM3G0M3f5vQj7LuJrETvjVot3Z5el9nffUtU=
gopkg.in/yaml.v2 v2.3.0/go.mod h1:hI93XBmqTisBFMUTm0b8Fm+jr3Dg1NNxqwp+5A1VGuI=
gopkg.in/yaml.v3 v3.0.0-20200313102051-9f266ea9e77c h1:dUUwHk2QECo/6vqA44rthZ8ie2QXMNeKRTHCNY2nXvo=
gopkg.in/yaml.v3 v3.0.0-20200313102051-9f266ea9e77c/go.mod h1:K4uyk7z7BCEPqu6E+C64Yfv1cQ7kz7rIZviUmN+EgEM=
