github.com/davecgh/go-spew v1.1.0 h1:ZDRjVQ15GmhC3fiQ8ni8+OwkZQO4DARzQgrnXU1Liz8=
github.com/davecgh/go-spew v1.1.0/go.mod h1:J7Y8YcW2NihsgmVo/mv3lAwl/skON4iLHjSsI+c5H38=
github.com/imdario/mergo v0.3.11/go.mod h1:jmQim1M+e3UYxmgPu/WyfjB3N3VflVyUjjjwH0dnCYA=
github.com/imdario/mergo v0.3.12/go.mod h1:jmQim1M+e3UYxmgPu/WyfjB3N3VflVyUjjjwH0dnCYA=
github.com/pmezard/go-difflib v1.0.0 h1:4DBwDE0NGyQoBHbLQYPwSUPoCMWR5BEzIk/f1lZbAQM=
github.com/pmezard/go-difflib v1.0.0/go.mod h1:iKH77koFhYxTK1pcRnkKkqfTogsbg7gZNVY4sRDYZ/4=
github.com/razor-1/cldr v0.1.13/go.mod h1:eMG1KKWFcUlDHpovYNd4ePUlPa1hSRvNL0wjfOqsahY=
github.com/razor-1/cldr v0.1.14 h1:ClPDMkhHElW5u1guZu0QvXUAx7tZq9XYz8drCHnDYwY=
github.com/razor-1/cldr v0.1.14/go.mod h1:iloTocV1aHPPlIRy5VsLV6LXnUTVah2tEATZo9xwJtM=
github.com/razor-1/cldr/resources v0.1.13/go.mod h1:hEVqzSEnXVnDX7HB1JbZVDc6TrY0/+eW8U2GkZ/GEIM=
github.com/razor-1/cldr/resources v0.1.14 h1:vB+fuhJSTG5iYveYrh6lr26ilv/YtQO6xbgIgpgT93E=
github.com/razor-1/cldr/resources v0.1.14/go.mod h1:2F8SwtBKNSrC2p6WHuvMe1wlbnmjSbFCVGAUM3yIOi0=
github.com/razor-1/cldr/resources/currency v0.1.2 h1:gYeHv6R8SA+ee2RcxJ5+5gqJlV0BsmRjuKCRjYui5+4=
github.com/razor-1/cldr/resources/currency v0.1.2/go.mod h1:GF2TggMqnMOWKmXMdG7Aoklpxmvb80DibWQBKdvXfM4=
github.com/razor-1/cldr/resources/language v0.1.2 h1:ECYHXoKfxpMrKWktwJ9nWseOdhfJww8Vm1k/sKIEme0=
github.com/razor-1/cldr/resources/language v0.1.2/go.mod h1:gAk8kZ477fDvby7Bxu7CJcy1b/zUB+33J0B+GbOjjds=
github.com/razor-1/cldr/resources/territory v0.1.2 h1:qjh0QFYgqq316Z30bLxBC1B7D+oVPmjIOgkAMW+knCI=
github.com/razor-1/cldr/resources/territory v0.1.2/go.mod h1:rRPN2y9rhnWqsSv29wUQAoruvaz6Ou6iuf/wlnKA3jA=
github.com/razor-1/localizer/store v0.0.1 h1:wp9wL/p/B8ibY9YX7PaXn0hyMqehpn/XvmyrVJdPSas=
github.com/razor-1/localizer/store v0.0.1/go.mod h1:kz3mEM0WXaB66qVUsCrGrPtiLxTxjloZqNxVrQAJxJo=
github.com/stretchr/objx v0.1.0/go.mod h1:HFkY916IF+rwdDfMAkV7OtwuqBVzrE8GR6GFx+wExME=
github.com/stretchr/testify v1.7.0 h1:nwc3DEeHmmLAfoZucVR881uASk0Mfjw8xYJ99tb5CcY=
github.com/stretchr/testify v1.7.0/go.mod h1:6Fq8oRcR53rry900zMqJjRRixrwX3KX962/h/Wwjteg=
golang.org/x/text v0.3.3/go.mod h1:5Zoc/QRtKVWzQhOtBMvqHzDpF6irO9z98xDceosuGiQ=
golang.org/x/text v0.3.6 h1:aRYxNxv6iGQlyVaZmk6ZgYEDa+Jg18DxebPSrd6bg1M=
golang.org/x/text v0.3.6/go.mod h1:5Zoc/QRtKVWzQhOtBMvqHzDpF6irO9z98xDceosuGiQ=
golang.org/x/tools v0.0.0-20180917221912-90fa682c2a6e/go.mod h1:n7NCudcB/nEzxVGmLbDWY5pfWTLqBcC2KZ6jyYvM4mQ=
gopkg.in/check.v1 v0.0.0-20161208181325-20d25e280405 h1:yhCVgyC4o1eVCa2tZl7eS0r+SDo693bJlVdllGtEeKM=
gopkg.in/check.v1 v0.0.0-20161208181325-20d25e280405/go.mod h1:Co6ibVJAznAaIkqp8huTwlJQCZ016jof/cbN4VW5Yz0=
gopkg.in/yaml.v2 v2.3.0/go.mod h1:hI93XBmqTisBFMUTm0b8Fm+jr3Dg1NNxqwp+5A1VGuI=
gopkg.in/yaml.v3 v3.0.0-20200313102051-9f266ea9e77c h1:dUUwHk2QECo/6vqA44rthZ8ie2QXMNeKRTHCNY2nXvo=
gopkg.in/yaml.v3 v3.0.0-20200313102051-9f266ea9e77c/go.mod h1:K4uyk7z7BCEPqu6E+C64Yfv1cQ7kz7rIZviUmN+EgEM=
